
Microsoft Visual Studio Solution File, Format Version 12.00
# Visual Studio 14
VisualStudioVersion = 14.0.25420.1
MinimumVisualStudioVersion = 10.0.40219.1
Project("{FAE04EC0-301F-11D3-BF4B-00C04F79EFBC}") = "CountRealNumbers", "CountRealNumbers\CountRealNumbers.csproj", "{69A4332F-B522-40B5-9653-5B118D7E7DB2}"
EndProject
Project("{FAE04EC0-301F-11D3-BF4B-00C04F79EFBC}") = "OddOccurrences", "OddOccurrences\OddOccurrences.csproj", "{45C24C96-AD42-490D-B662-5CB019A8E7EC}"
EndProject
Project("{FAE04EC0-301F-11D3-BF4B-00C04F79EFBC}") = "SumMinMaxAvg", "SumMinMaxAvg\SumMinMaxAvg.csproj", "{AE8833D6-32B9-4ECC-AE18-9972E62EF993}"
EndProject
Project("{FAE04EC0-301F-11D3-BF4B-00C04F79EFBC}") = "Largest3Numbers", "Largest3Numbers\Largest3Numbers.csproj", "{1F744220-9F24-4E18-9F58-F5B22B2014A1}"
EndProject
Project("{FAE04EC0-301F-11D3-BF4B-00C04F79EFBC}") = "ShortWordsSorted", "ShortWordsSorted\ShortWordsSorted.csproj", "{6A181E0F-EC7C-4184-BD55-EDBA2EEC5B8C}"
EndProject
Project("{FAE04EC0-301F-11D3-BF4B-00C04F79EFBC}") = "FoldAndSum", "FoldAndSum\FoldAndSum.csproj", "{072F9A61-2EA6-4CC2-B4A4-8A433149CF0C}"
EndProject
Global
	GlobalSection(SolutionConfigurationPlatforms) = preSolution
		Debug|Any CPU = Debug|Any CPU
		Release|Any CPU = Release|Any CPU
	EndGlobalSection
	GlobalSection(ProjectConfigurationPlatforms) = postSolution
		{69A4332F-B522-40B5-9653-5B118D7E7DB2}.Debug|Any CPU.ActiveCfg = Debug|Any CPU
		{69A4332F-B522-40B5-9653-5B118D7E7DB2}.Debug|Any CPU.Build.0 = Debug|Any CPU
		{69A4332F-B522-40B5-9653-5B118D7E7DB2}.Release|Any CPU.ActiveCfg = Release|Any CPU
		{69A4332F-B522-40B5-9653-5B118D7E7DB2}.Release|Any CPU.Build.0 = Release|Any CPU
		{45C24C96-AD42-490D-B662-5CB019A8E7EC}.Debug|Any CPU.ActiveCfg = Debug|Any CPU
		{45C24C96-AD42-490D-B662-5CB019A8E7EC}.Debug|Any CPU.Build.0 = Debug|Any CPU
		{45C24C96-AD42-490D-B662-5CB019A8E7EC}.Release|Any CPU.ActiveCfg = Release|Any CPU
		{45C24C96-AD42-490D-B662-5CB019A8E7EC}.Release|Any CPU.Build.0 = Release|Any CPU
		{AE8833D6-32B9-4ECC-AE18-9972E62EF993}.Debug|Any CPU.ActiveCfg = Debug|Any CPU
		{AE8833D6-32B9-4ECC-AE18-9972E62EF993}.Debug|Any CPU.Build.0 = Debug|Any CPU
		{AE8833D6-32B9-4ECC-AE18-9972E62EF993}.Release|Any CPU.ActiveCfg = Release|Any CPU
		{AE8833D6-32B9-4ECC-AE18-9972E62EF993}.Release|Any CPU.Build.0 = Release|Any CPU
		{1F744220-9F24-4E18-9F58-F5B22B2014A1}.Debug|Any CPU.ActiveCfg = Debug|Any CPU
		{1F744220-9F24-4E18-9F58-F5B22B2014A1}.Debug|Any CPU.Build.0 = Debug|Any CPU
		{1F744220-9F24-4E18-9F58-F5B22B2014A1}.Release|Any CPU.ActiveCfg = Release|Any CPU
		{1F744220-9F24-4E18-9F58-F5B22B2014A1}.Release|Any CPU.Build.0 = Release|Any CPU
		{6A181E0F-EC7C-4184-BD55-EDBA2EEC5B8C}.Debug|Any CPU.ActiveCfg = Debug|Any CPU
		{6A181E0F-EC7C-4184-BD55-EDBA2EEC5B8C}.Debug|Any CPU.Build.0 = Debug|Any CPU
		{6A181E0F-EC7C-4184-BD55-EDBA2EEC5B8C}.Release|Any CPU.ActiveCfg = Release|Any CPU
		{6A181E0F-EC7C-4184-BD55-EDBA2EEC5B8C}.Release|Any CPU.Build.0 = Release|Any CPU
		{072F9A61-2EA6-4CC2-B4A4-8A433149CF0C}.Debug|Any CPU.ActiveCfg = Debug|Any CPU
		{072F9A61-2EA6-4CC2-B4A4-8A433149CF0C}.Debug|Any CPU.Build.0 = Debug|Any CPU
		{072F9A61-2EA6-4CC2-B4A4-8A433149CF0C}.Release|Any CPU.ActiveCfg = Release|Any CPU
		{072F9A61-2EA6-4CC2-B4A4-8A433149CF0C}.Release|Any CPU.Build.0 = Release|Any CPU
	EndGlobalSection
	GlobalSection(SolutionProperties) = preSolution
		HideSolutionNode = FALSE
	EndGlobalSection
EndGlobal
