
Microsoft Visual Studio Solution File, Format Version 12.00
# Visual Studio 14
VisualStudioVersion = 14.0.25420.1
MinimumVisualStudioVersion = 10.0.40219.1
Project("{FAE04EC0-301F-11D3-BF4B-00C04F79EFBC}") = "Phonebook", "Phonebook\Phonebook.csproj", "{59928A38-C7E1-4965-A2BA-FEA1D1002A87}"
EndProject
Project("{FAE04EC0-301F-11D3-BF4B-00C04F79EFBC}") = "PhonebookUpgrade", "PhonebookUpgrade\PhonebookUpgrade.csproj", "{E3E04F63-3E0B-4E9B-AC45-75DE776B8BA7}"
EndProject
Project("{FAE04EC0-301F-11D3-BF4B-00C04F79EFBC}") = "MinerTask", "MinerTask\MinerTask.csproj", "{8600D94D-8C66-4B0A-B60B-4137C3FD8EEB}"
EndProject
Project("{FAE04EC0-301F-11D3-BF4B-00C04F79EFBC}") = "FixEmails", "FixEmails\FixEmails.csproj", "{6A450F8B-8F2C-46C2-85DE-A737FDA7F0FD}"
EndProject
Project("{FAE04EC0-301F-11D3-BF4B-00C04F79EFBC}") = "HandsOfCards", "HandsOfCards\HandsOfCards.csproj", "{07940AAA-AE34-4912-B76D-3D835333A1F3}"
EndProject
Project("{FAE04EC0-301F-11D3-BF4B-00C04F79EFBC}") = "UserLogs", "UserLogs\UserLogs.csproj", "{FB5FB49D-91E2-4B36-887C-E32E45FEAF14}"
EndProject
Global
	GlobalSection(SolutionConfigurationPlatforms) = preSolution
		Debug|Any CPU = Debug|Any CPU
		Release|Any CPU = Release|Any CPU
	EndGlobalSection
	GlobalSection(ProjectConfigurationPlatforms) = postSolution
		{59928A38-C7E1-4965-A2BA-FEA1D1002A87}.Debug|Any CPU.ActiveCfg = Debug|Any CPU
		{59928A38-C7E1-4965-A2BA-FEA1D1002A87}.Debug|Any CPU.Build.0 = Debug|Any CPU
		{59928A38-C7E1-4965-A2BA-FEA1D1002A87}.Release|Any CPU.ActiveCfg = Release|Any CPU
		{59928A38-C7E1-4965-A2BA-FEA1D1002A87}.Release|Any CPU.Build.0 = Release|Any CPU
		{E3E04F63-3E0B-4E9B-AC45-75DE776B8BA7}.Debug|Any CPU.ActiveCfg = Debug|Any CPU
		{E3E04F63-3E0B-4E9B-AC45-75DE776B8BA7}.Debug|Any CPU.Build.0 = Debug|Any CPU
		{E3E04F63-3E0B-4E9B-AC45-75DE776B8BA7}.Release|Any CPU.ActiveCfg = Release|Any CPU
		{E3E04F63-3E0B-4E9B-AC45-75DE776B8BA7}.Release|Any CPU.Build.0 = Release|Any CPU
		{8600D94D-8C66-4B0A-B60B-4137C3FD8EEB}.Debug|Any CPU.ActiveCfg = Debug|Any CPU
		{8600D94D-8C66-4B0A-B60B-4137C3FD8EEB}.Debug|Any CPU.Build.0 = Debug|Any CPU
		{8600D94D-8C66-4B0A-B60B-4137C3FD8EEB}.Release|Any CPU.ActiveCfg = Release|Any CPU
		{8600D94D-8C66-4B0A-B60B-4137C3FD8EEB}.Release|Any CPU.Build.0 = Release|Any CPU
		{6A450F8B-8F2C-46C2-85DE-A737FDA7F0FD}.Debug|Any CPU.ActiveCfg = Debug|Any CPU
		{6A450F8B-8F2C-46C2-85DE-A737FDA7F0FD}.Debug|Any CPU.Build.0 = Debug|Any CPU
		{6A450F8B-8F2C-46C2-85DE-A737FDA7F0FD}.Release|Any CPU.ActiveCfg = Release|Any CPU
		{6A450F8B-8F2C-46C2-85DE-A737FDA7F0FD}.Release|Any CPU.Build.0 = Release|Any CPU
		{07940AAA-AE34-4912-B76D-3D835333A1F3}.Debug|Any CPU.ActiveCfg = Debug|Any CPU
		{07940AAA-AE34-4912-B76D-3D835333A1F3}.Debug|Any CPU.Build.0 = Debug|Any CPU
		{07940AAA-AE34-4912-B76D-3D835333A1F3}.Release|Any CPU.ActiveCfg = Release|Any CPU
		{07940AAA-AE34-4912-B76D-3D835333A1F3}.Release|Any CPU.Build.0 = Release|Any CPU
		{FB5FB49D-91E2-4B36-887C-E32E45FEAF14}.Debug|Any CPU.ActiveCfg = Debug|Any CPU
		{FB5FB49D-91E2-4B36-887C-E32E45FEAF14}.Debug|Any CPU.Build.0 = Debug|Any CPU
		{FB5FB49D-91E2-4B36-887C-E32E45FEAF14}.Release|Any CPU.ActiveCfg = Release|Any CPU
		{FB5FB49D-91E2-4B36-887C-E32E45FEAF14}.Release|Any CPU.Build.0 = Release|Any CPU
	EndGlobalSection
	GlobalSection(SolutionProperties) = preSolution
		HideSolutionNode = FALSE
	EndGlobalSection
EndGlobal
