
Microsoft Visual Studio Solution File, Format Version 12.00
# Visual Studio 14
VisualStudioVersion = 14.0.25420.1
MinimumVisualStudioVersion = 10.0.40219.1
Project("{FAE04EC0-301F-11D3-BF4B-00C04F79EFBC}") = "BlankReceipt", "BlankReceipt\BlankReceipt.csproj", "{FE0A1FEA-8015-48EB-BDFA-3948C11F1FF1}"
EndProject
Project("{FAE04EC0-301F-11D3-BF4B-00C04F79EFBC}") = "SignOfInteger", "SignOfInteger\SignOfInteger.csproj", "{6678C320-8FA3-4662-AE89-EB8DF416A4B1}"
EndProject
Project("{FAE04EC0-301F-11D3-BF4B-00C04F79EFBC}") = "PrintingTriangle", "PrintingTriangle\PrintingTriangle.csproj", "{366B2D67-28E3-426C-A4F9-B60C42F9FB8B}"
EndProject
Project("{FAE04EC0-301F-11D3-BF4B-00C04F79EFBC}") = "FilledSquare", "FilledSquare\FilledSquare.csproj", "{54E8EE0D-A640-4D1D-A0E4-24E5690AD61F}"
EndProject
Project("{FAE04EC0-301F-11D3-BF4B-00C04F79EFBC}") = "CalculateTriangleArea", "CalculateTriangleArea\CalculateTriangleArea.csproj", "{C4CD8B2B-30D5-4846-9BDC-CCCC3865C2DE}"
EndProject
Project("{FAE04EC0-301F-11D3-BF4B-00C04F79EFBC}") = "MathPower", "MathPower\MathPower.csproj", "{B40DE005-86FD-4023-A6C6-0E21C2E0D377}"
EndProject
Project("{FAE04EC0-301F-11D3-BF4B-00C04F79EFBC}") = "GreaterOfTwoVar", "GreaterOfTwoVar\GreaterOfTwoVar.csproj", "{AA3FDF27-467D-46D6-BC9D-456431BFA6F8}"
EndProject
Project("{FAE04EC0-301F-11D3-BF4B-00C04F79EFBC}") = "MultiplyEvenByOdd", "MultiplyEvenByOdd\MultiplyEvenByOdd.csproj", "{A8B32C1B-5463-4587-95BF-61DDD0F29236}"
EndProject
Project("{FAE04EC0-301F-11D3-BF4B-00C04F79EFBC}") = "DebugHolidaysBNTwoDates", "DebugHolidaysBNTwoDates\DebugHolidaysBNTwoDates.csproj", "{C9E5763D-B70D-4ADC-A129-FBBD8B09BDCB}"
EndProject
Project("{FAE04EC0-301F-11D3-BF4B-00C04F79EFBC}") = "RefactorPriceChangeAlert", "RefactorPriceChangeAlert\RefactorPriceChangeAlert.csproj", "{0CF7AABD-64D7-479F-8576-5A62CA0275BD}"
EndProject
Global
	GlobalSection(SolutionConfigurationPlatforms) = preSolution
		Debug|Any CPU = Debug|Any CPU
		Release|Any CPU = Release|Any CPU
	EndGlobalSection
	GlobalSection(ProjectConfigurationPlatforms) = postSolution
		{FE0A1FEA-8015-48EB-BDFA-3948C11F1FF1}.Debug|Any CPU.ActiveCfg = Debug|Any CPU
		{FE0A1FEA-8015-48EB-BDFA-3948C11F1FF1}.Debug|Any CPU.Build.0 = Debug|Any CPU
		{FE0A1FEA-8015-48EB-BDFA-3948C11F1FF1}.Release|Any CPU.ActiveCfg = Release|Any CPU
		{FE0A1FEA-8015-48EB-BDFA-3948C11F1FF1}.Release|Any CPU.Build.0 = Release|Any CPU
		{6678C320-8FA3-4662-AE89-EB8DF416A4B1}.Debug|Any CPU.ActiveCfg = Debug|Any CPU
		{6678C320-8FA3-4662-AE89-EB8DF416A4B1}.Debug|Any CPU.Build.0 = Debug|Any CPU
		{6678C320-8FA3-4662-AE89-EB8DF416A4B1}.Release|Any CPU.ActiveCfg = Release|Any CPU
		{6678C320-8FA3-4662-AE89-EB8DF416A4B1}.Release|Any CPU.Build.0 = Release|Any CPU
		{366B2D67-28E3-426C-A4F9-B60C42F9FB8B}.Debug|Any CPU.ActiveCfg = Debug|Any CPU
		{366B2D67-28E3-426C-A4F9-B60C42F9FB8B}.Debug|Any CPU.Build.0 = Debug|Any CPU
		{366B2D67-28E3-426C-A4F9-B60C42F9FB8B}.Release|Any CPU.ActiveCfg = Release|Any CPU
		{366B2D67-28E3-426C-A4F9-B60C42F9FB8B}.Release|Any CPU.Build.0 = Release|Any CPU
		{54E8EE0D-A640-4D1D-A0E4-24E5690AD61F}.Debug|Any CPU.ActiveCfg = Debug|Any CPU
		{54E8EE0D-A640-4D1D-A0E4-24E5690AD61F}.Debug|Any CPU.Build.0 = Debug|Any CPU
		{54E8EE0D-A640-4D1D-A0E4-24E5690AD61F}.Release|Any CPU.ActiveCfg = Release|Any CPU
		{54E8EE0D-A640-4D1D-A0E4-24E5690AD61F}.Release|Any CPU.Build.0 = Release|Any CPU
		{C4CD8B2B-30D5-4846-9BDC-CCCC3865C2DE}.Debug|Any CPU.ActiveCfg = Debug|Any CPU
		{C4CD8B2B-30D5-4846-9BDC-CCCC3865C2DE}.Debug|Any CPU.Build.0 = Debug|Any CPU
		{C4CD8B2B-30D5-4846-9BDC-CCCC3865C2DE}.Release|Any CPU.ActiveCfg = Release|Any CPU
		{C4CD8B2B-30D5-4846-9BDC-CCCC3865C2DE}.Release|Any CPU.Build.0 = Release|Any CPU
		{B40DE005-86FD-4023-A6C6-0E21C2E0D377}.Debug|Any CPU.ActiveCfg = Debug|Any CPU
		{B40DE005-86FD-4023-A6C6-0E21C2E0D377}.Debug|Any CPU.Build.0 = Debug|Any CPU
		{B40DE005-86FD-4023-A6C6-0E21C2E0D377}.Release|Any CPU.ActiveCfg = Release|Any CPU
		{B40DE005-86FD-4023-A6C6-0E21C2E0D377}.Release|Any CPU.Build.0 = Release|Any CPU
		{AA3FDF27-467D-46D6-BC9D-456431BFA6F8}.Debug|Any CPU.ActiveCfg = Debug|Any CPU
		{AA3FDF27-467D-46D6-BC9D-456431BFA6F8}.Debug|Any CPU.Build.0 = Debug|Any CPU
		{AA3FDF27-467D-46D6-BC9D-456431BFA6F8}.Release|Any CPU.ActiveCfg = Release|Any CPU
		{AA3FDF27-467D-46D6-BC9D-456431BFA6F8}.Release|Any CPU.Build.0 = Release|Any CPU
		{A8B32C1B-5463-4587-95BF-61DDD0F29236}.Debug|Any CPU.ActiveCfg = Debug|Any CPU
		{A8B32C1B-5463-4587-95BF-61DDD0F29236}.Debug|Any CPU.Build.0 = Debug|Any CPU
		{A8B32C1B-5463-4587-95BF-61DDD0F29236}.Release|Any CPU.ActiveCfg = Release|Any CPU
		{A8B32C1B-5463-4587-95BF-61DDD0F29236}.Release|Any CPU.Build.0 = Release|Any CPU
		{C9E5763D-B70D-4ADC-A129-FBBD8B09BDCB}.Debug|Any CPU.ActiveCfg = Debug|Any CPU
		{C9E5763D-B70D-4ADC-A129-FBBD8B09BDCB}.Debug|Any CPU.Build.0 = Debug|Any CPU
		{C9E5763D-B70D-4ADC-A129-FBBD8B09BDCB}.Release|Any CPU.ActiveCfg = Release|Any CPU
		{C9E5763D-B70D-4ADC-A129-FBBD8B09BDCB}.Release|Any CPU.Build.0 = Release|Any CPU
		{0CF7AABD-64D7-479F-8576-5A62CA0275BD}.Debug|Any CPU.ActiveCfg = Debug|Any CPU
		{0CF7AABD-64D7-479F-8576-5A62CA0275BD}.Debug|Any CPU.Build.0 = Debug|Any CPU
		{0CF7AABD-64D7-479F-8576-5A62CA0275BD}.Release|Any CPU.ActiveCfg = Release|Any CPU
		{0CF7AABD-64D7-479F-8576-5A62CA0275BD}.Release|Any CPU.Build.0 = Release|Any CPU
	EndGlobalSection
	GlobalSection(SolutionProperties) = preSolution
		HideSolutionNode = FALSE
	EndGlobalSection
EndGlobal
